
Microsoft Visual Studio Solution File, Format Version 12.00
# Visual Studio Version 16
VisualStudioVersion = 16.0.29009.5
MinimumVisualStudioVersion = 10.0.40219.1
Project("{9A19103F-16F7-4668-BE54-9A1E7A4F7556}") = "Strategy", "Strategy\Strategy.csproj", "{1186091A-C12E-465A-B74C-A59D7782D005}"
EndProject
Project("{9A19103F-16F7-4668-BE54-9A1E7A4F7556}") = "Observer.Net", "Observer.NET\Observer.Net.csproj", "{A407533A-1F45-41E2-9808-352A2CEDA2F9}"
EndProject
Project("{9A19103F-16F7-4668-BE54-9A1E7A4F7556}") = "Observer", "Observer\Observer.csproj", "{DF9D4F9A-4B48-493D-B57B-3D6D8AD82015}"
EndProject
Project("{9A19103F-16F7-4668-BE54-9A1E7A4F7556}") = "Decorator", "Decorator\Decorator.csproj", "{4AEA7601-DF4A-498D-A0CF-2BB3B0A6B7DD}"
EndProject
Project("{9A19103F-16F7-4668-BE54-9A1E7A4F7556}") = "AbstractFactory", "AbstractFactory\AbstractFactory.csproj", "{CF69CCB5-9C37-4D25-9410-E13D701240EB}"
EndProject
Project("{9A19103F-16F7-4668-BE54-9A1E7A4F7556}") = "FactoryMethod", "FactoryMethod\FactoryMethod.csproj", "{B360A22B-36DE-40B0-B7FB-9871B29BA4F3}"
EndProject
Project("{9A19103F-16F7-4668-BE54-9A1E7A4F7556}") = "Singleton", "Singleton\Singleton.csproj", "{C6E74983-A222-45C1-9377-4C632EE653DA}"
EndProject
Project("{9A19103F-16F7-4668-BE54-9A1E7A4F7556}") = "Command", "Command\Command.csproj", "{38DB692A-897B-4A11-BA76-BD7CAF142E03}"
EndProject
Project("{9A19103F-16F7-4668-BE54-9A1E7A4F7556}") = "CommandUndo", "CommandUndo\CommandUndo.csproj", "{13B9B740-40E5-4CBD-8B50-E06C35CBD841}"
EndProject
Project("{9A19103F-16F7-4668-BE54-9A1E7A4F7556}") = "CommandMacro", "CommandMacro\CommandMacro.csproj", "{45147473-9D63-4BD1-AF4F-F0D06AB6BC45}"
EndProject
Project("{9A19103F-16F7-4668-BE54-9A1E7A4F7556}") = "Adapter", "Adapter\Adapter.csproj", "{701065B7-3462-4B39-A7F6-3DD3B4D04EDA}"
EndProject
Project("{9A19103F-16F7-4668-BE54-9A1E7A4F7556}") = "Facade", "Facade\Facade.csproj", "{5D9B61A4-6C03-4F7E-AB2B-DB969C27DB86}"
EndProject
Project("{9A19103F-16F7-4668-BE54-9A1E7A4F7556}") = "TemplateMethod", "TemplateMethod\TemplateMethod.csproj", "{473A5FEB-583E-4888-8219-9E58F5F52923}"
EndProject
Project("{9A19103F-16F7-4668-BE54-9A1E7A4F7556}") = "TemplateMethodSort", "TemplateMethod.Sort\TemplateMethodSort.csproj", "{AADD4F03-3DDB-4FD1-8418-B4096CE9E09B}"
EndProject
Project("{9A19103F-16F7-4668-BE54-9A1E7A4F7556}") = "Iterator", "Iterator\Iterator.csproj", "{7C17CB47-9A9F-413C-800D-D3B3E0AA5E65}"
EndProject
Project("{9A19103F-16F7-4668-BE54-9A1E7A4F7556}") = "Enumerator.Net", "Enumerator.NET\Enumerator.Net.csproj", "{1525C997-BE58-47C3-A87B-5B9281CD282F}"
EndProject
Project("{9A19103F-16F7-4668-BE54-9A1E7A4F7556}") = "Composite", "Composite\Composite.csproj", "{3E5A85A4-C576-4976-9DB7-A0EA19CF49BB}"
EndProject
Project("{FAE04EC0-301F-11D3-BF4B-00C04F79EFBC}") = "State", "State\State.csproj", "{A17229DB-1FEE-4DEF-9BD6-35E7E2B0B5AD}"
EndProject
Global
	GlobalSection(SolutionConfigurationPlatforms) = preSolution
		Debug|Any CPU = Debug|Any CPU
		Release|Any CPU = Release|Any CPU
	EndGlobalSection
	GlobalSection(ProjectConfigurationPlatforms) = postSolution
		{1186091A-C12E-465A-B74C-A59D7782D005}.Debug|Any CPU.ActiveCfg = Debug|Any CPU
		{1186091A-C12E-465A-B74C-A59D7782D005}.Debug|Any CPU.Build.0 = Debug|Any CPU
		{1186091A-C12E-465A-B74C-A59D7782D005}.Release|Any CPU.ActiveCfg = Release|Any CPU
		{1186091A-C12E-465A-B74C-A59D7782D005}.Release|Any CPU.Build.0 = Release|Any CPU
		{A407533A-1F45-41E2-9808-352A2CEDA2F9}.Debug|Any CPU.ActiveCfg = Debug|Any CPU
		{A407533A-1F45-41E2-9808-352A2CEDA2F9}.Debug|Any CPU.Build.0 = Debug|Any CPU
		{A407533A-1F45-41E2-9808-352A2CEDA2F9}.Release|Any CPU.ActiveCfg = Release|Any CPU
		{A407533A-1F45-41E2-9808-352A2CEDA2F9}.Release|Any CPU.Build.0 = Release|Any CPU
		{DF9D4F9A-4B48-493D-B57B-3D6D8AD82015}.Debug|Any CPU.ActiveCfg = Debug|Any CPU
		{DF9D4F9A-4B48-493D-B57B-3D6D8AD82015}.Debug|Any CPU.Build.0 = Debug|Any CPU
		{DF9D4F9A-4B48-493D-B57B-3D6D8AD82015}.Release|Any CPU.ActiveCfg = Release|Any CPU
		{DF9D4F9A-4B48-493D-B57B-3D6D8AD82015}.Release|Any CPU.Build.0 = Release|Any CPU
		{4AEA7601-DF4A-498D-A0CF-2BB3B0A6B7DD}.Debug|Any CPU.ActiveCfg = Debug|Any CPU
		{4AEA7601-DF4A-498D-A0CF-2BB3B0A6B7DD}.Debug|Any CPU.Build.0 = Debug|Any CPU
		{4AEA7601-DF4A-498D-A0CF-2BB3B0A6B7DD}.Release|Any CPU.ActiveCfg = Release|Any CPU
		{4AEA7601-DF4A-498D-A0CF-2BB3B0A6B7DD}.Release|Any CPU.Build.0 = Release|Any CPU
		{CF69CCB5-9C37-4D25-9410-E13D701240EB}.Debug|Any CPU.ActiveCfg = Debug|Any CPU
		{CF69CCB5-9C37-4D25-9410-E13D701240EB}.Debug|Any CPU.Build.0 = Debug|Any CPU
		{CF69CCB5-9C37-4D25-9410-E13D701240EB}.Release|Any CPU.ActiveCfg = Release|Any CPU
		{CF69CCB5-9C37-4D25-9410-E13D701240EB}.Release|Any CPU.Build.0 = Release|Any CPU
		{B360A22B-36DE-40B0-B7FB-9871B29BA4F3}.Debug|Any CPU.ActiveCfg = Debug|Any CPU
		{B360A22B-36DE-40B0-B7FB-9871B29BA4F3}.Debug|Any CPU.Build.0 = Debug|Any CPU
		{B360A22B-36DE-40B0-B7FB-9871B29BA4F3}.Release|Any CPU.ActiveCfg = Release|Any CPU
		{B360A22B-36DE-40B0-B7FB-9871B29BA4F3}.Release|Any CPU.Build.0 = Release|Any CPU
		{C6E74983-A222-45C1-9377-4C632EE653DA}.Debug|Any CPU.ActiveCfg = Debug|Any CPU
		{C6E74983-A222-45C1-9377-4C632EE653DA}.Debug|Any CPU.Build.0 = Debug|Any CPU
		{C6E74983-A222-45C1-9377-4C632EE653DA}.Release|Any CPU.ActiveCfg = Release|Any CPU
		{C6E74983-A222-45C1-9377-4C632EE653DA}.Release|Any CPU.Build.0 = Release|Any CPU
		{38DB692A-897B-4A11-BA76-BD7CAF142E03}.Debug|Any CPU.ActiveCfg = Debug|Any CPU
		{38DB692A-897B-4A11-BA76-BD7CAF142E03}.Debug|Any CPU.Build.0 = Debug|Any CPU
		{38DB692A-897B-4A11-BA76-BD7CAF142E03}.Release|Any CPU.ActiveCfg = Release|Any CPU
		{38DB692A-897B-4A11-BA76-BD7CAF142E03}.Release|Any CPU.Build.0 = Release|Any CPU
		{13B9B740-40E5-4CBD-8B50-E06C35CBD841}.Debug|Any CPU.ActiveCfg = Debug|Any CPU
		{13B9B740-40E5-4CBD-8B50-E06C35CBD841}.Debug|Any CPU.Build.0 = Debug|Any CPU
		{13B9B740-40E5-4CBD-8B50-E06C35CBD841}.Release|Any CPU.ActiveCfg = Release|Any CPU
		{13B9B740-40E5-4CBD-8B50-E06C35CBD841}.Release|Any CPU.Build.0 = Release|Any CPU
		{45147473-9D63-4BD1-AF4F-F0D06AB6BC45}.Debug|Any CPU.ActiveCfg = Debug|Any CPU
		{45147473-9D63-4BD1-AF4F-F0D06AB6BC45}.Debug|Any CPU.Build.0 = Debug|Any CPU
		{45147473-9D63-4BD1-AF4F-F0D06AB6BC45}.Release|Any CPU.ActiveCfg = Release|Any CPU
		{45147473-9D63-4BD1-AF4F-F0D06AB6BC45}.Release|Any CPU.Build.0 = Release|Any CPU
		{701065B7-3462-4B39-A7F6-3DD3B4D04EDA}.Debug|Any CPU.ActiveCfg = Debug|Any CPU
		{701065B7-3462-4B39-A7F6-3DD3B4D04EDA}.Debug|Any CPU.Build.0 = Debug|Any CPU
		{701065B7-3462-4B39-A7F6-3DD3B4D04EDA}.Release|Any CPU.ActiveCfg = Release|Any CPU
		{701065B7-3462-4B39-A7F6-3DD3B4D04EDA}.Release|Any CPU.Build.0 = Release|Any CPU
		{5D9B61A4-6C03-4F7E-AB2B-DB969C27DB86}.Debug|Any CPU.ActiveCfg = Debug|Any CPU
		{5D9B61A4-6C03-4F7E-AB2B-DB969C27DB86}.Debug|Any CPU.Build.0 = Debug|Any CPU
		{5D9B61A4-6C03-4F7E-AB2B-DB969C27DB86}.Release|Any CPU.ActiveCfg = Release|Any CPU
		{5D9B61A4-6C03-4F7E-AB2B-DB969C27DB86}.Release|Any CPU.Build.0 = Release|Any CPU
		{473A5FEB-583E-4888-8219-9E58F5F52923}.Debug|Any CPU.ActiveCfg = Debug|Any CPU
		{473A5FEB-583E-4888-8219-9E58F5F52923}.Debug|Any CPU.Build.0 = Debug|Any CPU
		{473A5FEB-583E-4888-8219-9E58F5F52923}.Release|Any CPU.ActiveCfg = Release|Any CPU
		{473A5FEB-583E-4888-8219-9E58F5F52923}.Release|Any CPU.Build.0 = Release|Any CPU
		{AADD4F03-3DDB-4FD1-8418-B4096CE9E09B}.Debug|Any CPU.ActiveCfg = Debug|Any CPU
		{AADD4F03-3DDB-4FD1-8418-B4096CE9E09B}.Debug|Any CPU.Build.0 = Debug|Any CPU
		{AADD4F03-3DDB-4FD1-8418-B4096CE9E09B}.Release|Any CPU.ActiveCfg = Release|Any CPU
		{AADD4F03-3DDB-4FD1-8418-B4096CE9E09B}.Release|Any CPU.Build.0 = Release|Any CPU
		{7C17CB47-9A9F-413C-800D-D3B3E0AA5E65}.Debug|Any CPU.ActiveCfg = Debug|Any CPU
		{7C17CB47-9A9F-413C-800D-D3B3E0AA5E65}.Debug|Any CPU.Build.0 = Debug|Any CPU
		{7C17CB47-9A9F-413C-800D-D3B3E0AA5E65}.Release|Any CPU.ActiveCfg = Release|Any CPU
		{7C17CB47-9A9F-413C-800D-D3B3E0AA5E65}.Release|Any CPU.Build.0 = Release|Any CPU
		{1525C997-BE58-47C3-A87B-5B9281CD282F}.Debug|Any CPU.ActiveCfg = Debug|Any CPU
		{1525C997-BE58-47C3-A87B-5B9281CD282F}.Debug|Any CPU.Build.0 = Debug|Any CPU
		{1525C997-BE58-47C3-A87B-5B9281CD282F}.Release|Any CPU.ActiveCfg = Release|Any CPU
		{1525C997-BE58-47C3-A87B-5B9281CD282F}.Release|Any CPU.Build.0 = Release|Any CPU
		{3E5A85A4-C576-4976-9DB7-A0EA19CF49BB}.Debug|Any CPU.ActiveCfg = Debug|Any CPU
		{3E5A85A4-C576-4976-9DB7-A0EA19CF49BB}.Debug|Any CPU.Build.0 = Debug|Any CPU
		{3E5A85A4-C576-4976-9DB7-A0EA19CF49BB}.Release|Any CPU.ActiveCfg = Release|Any CPU
		{3E5A85A4-C576-4976-9DB7-A0EA19CF49BB}.Release|Any CPU.Build.0 = Release|Any CPU
		{A17229DB-1FEE-4DEF-9BD6-35E7E2B0B5AD}.Debug|Any CPU.ActiveCfg = Debug|Any CPU
		{A17229DB-1FEE-4DEF-9BD6-35E7E2B0B5AD}.Debug|Any CPU.Build.0 = Debug|Any CPU
		{A17229DB-1FEE-4DEF-9BD6-35E7E2B0B5AD}.Release|Any CPU.ActiveCfg = Release|Any CPU
		{A17229DB-1FEE-4DEF-9BD6-35E7E2B0B5AD}.Release|Any CPU.Build.0 = Release|Any CPU
	EndGlobalSection
	GlobalSection(SolutionProperties) = preSolution
		HideSolutionNode = FALSE
	EndGlobalSection
	GlobalSection(ExtensibilityGlobals) = postSolution
		SolutionGuid = {FD318FE3-D1FA-4402-ABB1-C3A32075B06F}
	EndGlobalSection
EndGlobal
