
Microsoft Visual Studio Solution File, Format Version 12.00
# Visual Studio Version 16
VisualStudioVersion = 16.0.29009.5
MinimumVisualStudioVersion = 10.0.40219.1
Project("{FAE04EC0-301F-11D3-BF4B-00C04F79EFBC}") = "SimUDuck", "SimUDuck\SimUDuck.csproj", "{1186091A-C12E-465A-B74C-A59D7782D005}"
EndProject
Global
	GlobalSection(SolutionConfigurationPlatforms) = preSolution
		Debug|Any CPU = Debug|Any CPU
		Release|Any CPU = Release|Any CPU
	EndGlobalSection
	GlobalSection(ProjectConfigurationPlatforms) = postSolution
		{1186091A-C12E-465A-B74C-A59D7782D005}.Debug|Any CPU.ActiveCfg = Debug|Any CPU
		{1186091A-C12E-465A-B74C-A59D7782D005}.Debug|Any CPU.Build.0 = Debug|Any CPU
		{1186091A-C12E-465A-B74C-A59D7782D005}.Release|Any CPU.ActiveCfg = Release|Any CPU
		{1186091A-C12E-465A-B74C-A59D7782D005}.Release|Any CPU.Build.0 = Release|Any CPU
	EndGlobalSection
	GlobalSection(SolutionProperties) = preSolution
		HideSolutionNode = FALSE
	EndGlobalSection
	GlobalSection(ExtensibilityGlobals) = postSolution
		SolutionGuid = {FD318FE3-D1FA-4402-ABB1-C3A32075B06F}
	EndGlobalSection
EndGlobal
